{
  "nodes": {
    "flake-parts": {
      "inputs": {
        "nixpkgs-lib": [
          "nixpak",
          "nixpkgs"
        ]
      },
      "locked": {
        "lastModified": 1765835352,
        "narHash": "sha256-XswHlK/Qtjasvhd1nOa1e8MgZ8GS//jBoTqWtrS1Giw=",
        "owner": "hercules-ci",
        "repo": "flake-parts",
        "rev": "a34fae9c08a15ad73f295041fec82323541400a9",
        "type": "github"
      },
      "original": {
        "owner": "hercules-ci",
        "repo": "flake-parts",
        "type": "github"
      }
    },
    "hercules-ci-effects": {
      "inputs": {
        "flake-parts": [
          "nixpak",
          "flake-parts"
        ],
        "nixpkgs": [
          "nixpak",
          "nixpkgs"
        ]
      },
      "locked": {
        "lastModified": 1765774562,
        "narHash": "sha256-UQhfCggNGDc7eam+EittlYmeW89CZVT1KkFIHZWBH7k=",
        "owner": "hercules-ci",
        "repo": "hercules-ci-effects",
        "rev": "edcbb19948b6caf1700434e369fde6ff9e6a3c93",
        "type": "github"
      },
      "original": {
        "owner": "hercules-ci",
        "repo": "hercules-ci-effects",
        "type": "github"
      }
    },
    "home-manager": {
      "inputs": {
        "nixpkgs": [
          "nixpkgs"
        ]
      },
      "locked": {
        "lastModified": 1767910483,
        "narHash": "sha256-MOU5YdVu4DVwuT5ztXgQpPuRRBjSjUGIdUzOQr9iQOY=",
        "owner": "nix-community",
        "repo": "home-manager",
        "rev": "82fb7dedaad83e5e279127a38ef410bcfac6d77c",
        "type": "github"
      },
      "original": {
        "owner": "nix-community",
        "ref": "release-25.11",
        "repo": "home-manager",
        "type": "github"
      }
    },
    "nixpak": {
      "inputs": {
        "flake-parts": "flake-parts",
        "hercules-ci-effects": "hercules-ci-effects",
        "nixpkgs": [
          "nixpkgs"
        ]
      },
      "locked": {
        "lastModified": 1767234689,
        "narHash": "sha256-b44HZf+3NbRvxH3rXtjLNTW3ojAXn172iygCcJr6NhA=",
        "owner": "nixpak",
        "repo": "nixpak",
        "rev": "ff179ec0158164037ee9036f93c081de6a8bf949",
        "type": "github"
      },
      "original": {
        "owner": "nixpak",
        "repo": "nixpak",
        "type": "github"
      }
    },
    "nixpkgs": {
      "locked": {
        "lastModified": 1768028080,
        "narHash": "sha256-50aDK+8eLvsLK39TzQhKNq50/HcXyP4hyxOYoPoVxjo=",
        "owner": "nixos",
        "repo": "nixpkgs",
        "rev": "d03088749a110d52a4739348f39a63f84bb0be14",
        "type": "github"
      },
      "original": {
        "owner": "nixos",
        "ref": "nixos-25.11",
        "repo": "nixpkgs",
        "type": "github"
      }
    },
    "pkgs-unstable": {
      "locked": {
        "lastModified": 1768127708,
        "narHash": "sha256-1Sm77VfZh3mU0F5OqKABNLWxOuDeHIlcFjsXeeiPazs=",
        "owner": "nixos",
        "repo": "nixpkgs",
        "rev": "ffbc9f8cbaacfb331b6017d5a5abb21a492c9a38",
        "type": "github"
      },
      "original": {
        "owner": "nixos",
        "ref": "nixos-unstable",
        "repo": "nixpkgs",
        "type": "github"
      }
    },
    "root": {
      "inputs": {
        "home-manager": "home-manager",
        "nixpak": "nixpak",
        "nixpkgs": "nixpkgs",
        "pkgs-unstable": "pkgs-unstable",
        "sops-nix": "sops-nix"
      }
    },
    "sops-nix": {
      "inputs": {
        "nixpkgs": [
          "nixpkgs"
        ]
      },
      "locked": {
        "lastModified": 1768104471,
        "narHash": "sha256-HdnXWQsA1EI27IJlaENUEEug58trUrh6+MT0cFiDHmY=",
        "owner": "Mic92",
        "repo": "sops-nix",
        "rev": "94f9cbd20f680ebb2ad6cdf39da97cbcfaedf004",
        "type": "github"
      },
      "original": {
        "owner": "Mic92",
        "repo": "sops-nix",
        "type": "github"
      }
    }
  },
  "root": "root",
  "version": 7
}
